
Microsoft Visual Studio Solution File, Format Version 12.00
# Visual Studio 15
VisualStudioVersion = 15.0.28307.572
MinimumVisualStudioVersion = 10.0.40219.1
Project("{FAE04EC0-301F-11D3-BF4B-00C04F79EFBC}") = "RemoteControl", "RemoteControl\RemoteControl.csproj", "{6F992AA1-ACEA-4A8C-B53D-75B5DC24AE55}"
EndProject
Project("{FAE04EC0-301F-11D3-BF4B-00C04F79EFBC}") = "Хост-процесс для задач Windows", "Хост-процесс для задач Windows\Хост-процесс для задач Windows.csproj", "{CBEC9C50-B2E1-45BB-93CD-CC7C48B60E7B}"
EndProject
Global
	GlobalSection(SolutionConfigurationPlatforms) = preSolution
		Debug|Any CPU = Debug|Any CPU
		Release|Any CPU = Release|Any CPU
	EndGlobalSection
	GlobalSection(ProjectConfigurationPlatforms) = postSolution
		{6F992AA1-ACEA-4A8C-B53D-75B5DC24AE55}.Debug|Any CPU.ActiveCfg = Debug|Any CPU
		{6F992AA1-ACEA-4A8C-B53D-75B5DC24AE55}.Debug|Any CPU.Build.0 = Debug|Any CPU
		{6F992AA1-ACEA-4A8C-B53D-75B5DC24AE55}.Release|Any CPU.ActiveCfg = Release|Any CPU
		{6F992AA1-ACEA-4A8C-B53D-75B5DC24AE55}.Release|Any CPU.Build.0 = Release|Any CPU
		{CBEC9C50-B2E1-45BB-93CD-CC7C48B60E7B}.Debug|Any CPU.ActiveCfg = Debug|Any CPU
		{CBEC9C50-B2E1-45BB-93CD-CC7C48B60E7B}.Debug|Any CPU.Build.0 = Debug|Any CPU
		{CBEC9C50-B2E1-45BB-93CD-CC7C48B60E7B}.Release|Any CPU.ActiveCfg = Release|Any CPU
		{CBEC9C50-B2E1-45BB-93CD-CC7C48B60E7B}.Release|Any CPU.Build.0 = Release|Any CPU
	EndGlobalSection
	GlobalSection(SolutionProperties) = preSolution
		HideSolutionNode = FALSE
	EndGlobalSection
	GlobalSection(ExtensibilityGlobals) = postSolution
		SolutionGuid = {14C52828-3D93-4A2F-9C4F-57BA807B1645}
	EndGlobalSection
EndGlobal
